// !$*UTF8*$!
{
	archiveVersion = 1;
	classes = {
	};
	objectVersion = 55;
	objects = {

/* Begin PBXBuildFile section */
		FD219AAE2830196400BDD973 /* LoanCDApp.swift in Sources */ = {isa = PBXBuildFile; fileRef = FD219AAD2830196400BDD973 /* LoanCDApp.swift */; };
		FD219AB02830196400BDD973 /* LoansView.swift in Sources */ = {isa = PBXBuildFile; fileRef = FD219AAF2830196400BDD973 /* LoansView.swift */; };
		FD219AB22830196500BDD973 /* Assets.xcassets in Resources */ = {isa = PBXBuildFile; fileRef = FD219AB12830196500BDD973 /* Assets.xcassets */; };
		FD219AB52830196500BDD973 /* Preview Assets.xcassets in Resources */ = {isa = PBXBuildFile; fileRef = FD219AB42830196500BDD973 /* Preview Assets.xcassets */; };
		FD219AB72830196500BDD973 /* Persistence.swift in Sources */ = {isa = PBXBuildFile; fileRef = FD219AB62830196500BDD973 /* Persistence.swift */; };
		FD219ABA2830196500BDD973 /* LoanCD.xcdatamodeld in Sources */ = {isa = PBXBuildFile; fileRef = FD219AB82830196500BDD973 /* LoanCD.xcdatamodeld */; };
		FD219AC128305C2A00BDD973 /* LoanListItemView.swift in Sources */ = {isa = PBXBuildFile; fileRef = FD219AC028305C2A00BDD973 /* LoanListItemView.swift */; };
		FD219AC328305EC600BDD973 /* Date+Ext.swift in Sources */ = {isa = PBXBuildFile; fileRef = FD219AC228305EC600BDD973 /* Date+Ext.swift */; };
		FD219AC528305FFF00BDD973 /* Double+Ext.swift in Sources */ = {isa = PBXBuildFile; fileRef = FD219AC428305FFF00BDD973 /* Double+Ext.swift */; };
		FD219AC9283062FE00BDD973 /* AddLoanView.swift in Sources */ = {isa = PBXBuildFile; fileRef = FD219AC8283062FE00BDD973 /* AddLoanView.swift */; };
		FD219ACB2830665000BDD973 /* AddLoanViewModel.swift in Sources */ = {isa = PBXBuildFile; fileRef = FD219ACA2830665000BDD973 /* AddLoanViewModel.swift */; };
		FD219AD0283076BC00BDD973 /* PaymentsView.swift in Sources */ = {isa = PBXBuildFile; fileRef = FD219ACF283076BC00BDD973 /* PaymentsView.swift */; };
		FD219AD3283076F800BDD973 /* PaymentsViewModel.swift in Sources */ = {isa = PBXBuildFile; fileRef = FD219AD2283076F800BDD973 /* PaymentsViewModel.swift */; };
		FD219AD528314F5700BDD973 /* AddPaymentView.swift in Sources */ = {isa = PBXBuildFile; fileRef = FD219AD428314F5700BDD973 /* AddPaymentView.swift */; };
		FD219AD728314F7E00BDD973 /* AddPaymentViewModel.swift in Sources */ = {isa = PBXBuildFile; fileRef = FD219AD628314F7E00BDD973 /* AddPaymentViewModel.swift */; };
		FD219ADA28315C0800BDD973 /* PaymentListItemView.swift in Sources */ = {isa = PBXBuildFile; fileRef = FD219AD928315C0800BDD973 /* PaymentListItemView.swift */; };
		FD219ADC28316E9200BDD973 /* ProgressBarView.swift in Sources */ = {isa = PBXBuildFile; fileRef = FD219ADB28316E9200BDD973 /* ProgressBarView.swift */; };
		FD219AE02831799F00BDD973 /* CloudKit.framework in Frameworks */ = {isa = PBXBuildFile; fileRef = FD219ADF2831799F00BDD973 /* CloudKit.framework */; };
/* End PBXBuildFile section */

/* Begin PBXFileReference section */
		FD219AAA2830196400BDD973 /* LoanCD.app */ = {isa = PBXFileReference; explicitFileType = wrapper.application; includeInIndex = 0; path = LoanCD.app; sourceTree = BUILT_PRODUCTS_DIR; };
		FD219AAD2830196400BDD973 /* LoanCDApp.swift */ = {isa = PBXFileReference; lastKnownFileType = sourcecode.swift; path = LoanCDApp.swift; sourceTree = "<group>"; };
		FD219AAF2830196400BDD973 /* LoansView.swift */ = {isa = PBXFileReference; lastKnownFileType = sourcecode.swift; path = LoansView.swift; sourceTree = "<group>"; };
		FD219AB12830196500BDD973 /* Assets.xcassets */ = {isa = PBXFileReference; lastKnownFileType = folder.assetcatalog; path = Assets.xcassets; sourceTree = "<group>"; };
		FD219AB42830196500BDD973 /* Preview Assets.xcassets */ = {isa = PBXFileReference; lastKnownFileType = folder.assetcatalog; path = "Preview Assets.xcassets"; sourceTree = "<group>"; };
		FD219AB62830196500BDD973 /* Persistence.swift */ = {isa = PBXFileReference; lastKnownFileType = sourcecode.swift; path = Persistence.swift; sourceTree = "<group>"; };
		FD219AB92830196500BDD973 /* LoanCD.xcdatamodel */ = {isa = PBXFileReference; lastKnownFileType = wrapper.xcdatamodel; path = LoanCD.xcdatamodel; sourceTree = "<group>"; };
		FD219AC028305C2A00BDD973 /* LoanListItemView.swift */ = {isa = PBXFileReference; lastKnownFileType = sourcecode.swift; path = LoanListItemView.swift; sourceTree = "<group>"; };
		FD219AC228305EC600BDD973 /* Date+Ext.swift */ = {isa = PBXFileReference; lastKnownFileType = sourcecode.swift; path = "Date+Ext.swift"; sourceTree = "<group>"; };
		FD219AC428305FFF00BDD973 /* Double+Ext.swift */ = {isa = PBXFileReference; lastKnownFileType = sourcecode.swift; path = "Double+Ext.swift"; sourceTree = "<group>"; };
		FD219AC8283062FE00BDD973 /* AddLoanView.swift */ = {isa = PBXFileReference; lastKnownFileType = sourcecode.swift; path = AddLoanView.swift; sourceTree = "<group>"; };
		FD219ACA2830665000BDD973 /* AddLoanViewModel.swift */ = {isa = PBXFileReference; lastKnownFileType = sourcecode.swift; path = AddLoanViewModel.swift; sourceTree = "<group>"; };
		FD219ACF283076BC00BDD973 /* PaymentsView.swift */ = {isa = PBXFileReference; lastKnownFileType = sourcecode.swift; path = PaymentsView.swift; sourceTree = "<group>"; };
		FD219AD2283076F800BDD973 /* PaymentsViewModel.swift */ = {isa = PBXFileReference; lastKnownFileType = sourcecode.swift; path = PaymentsViewModel.swift; sourceTree = "<group>"; };
		FD219AD428314F5700BDD973 /* AddPaymentView.swift */ = {isa = PBXFileReference; lastKnownFileType = sourcecode.swift; path = AddPaymentView.swift; sourceTree = "<group>"; };
		FD219AD628314F7E00BDD973 /* AddPaymentViewModel.swift */ = {isa = PBXFileReference; lastKnownFileType = sourcecode.swift; path = AddPaymentViewModel.swift; sourceTree = "<group>"; };
		FD219AD928315C0800BDD973 /* PaymentListItemView.swift */ = {isa = PBXFileReference; lastKnownFileType = sourcecode.swift; path = PaymentListItemView.swift; sourceTree = "<group>"; };
		FD219ADB28316E9200BDD973 /* ProgressBarView.swift */ = {isa = PBXFileReference; lastKnownFileType = sourcecode.swift; path = ProgressBarView.swift; sourceTree = "<group>"; };
		FD219ADD2831799000BDD973 /* LoanCD.entitlements */ = {isa = PBXFileReference; lastKnownFileType = text.plist.entitlements; path = LoanCD.entitlements; sourceTree = "<group>"; };
		FD219ADF2831799F00BDD973 /* CloudKit.framework */ = {isa = PBXFileReference; lastKnownFileType = wrapper.framework; name = CloudKit.framework; path = System/Library/Frameworks/CloudKit.framework; sourceTree = SDKROOT; };
		FD219AE1283179F600BDD973 /* Info.plist */ = {isa = PBXFileReference; lastKnownFileType = text.plist; path = Info.plist; sourceTree = "<group>"; };
/* End PBXFileReference section */

/* Begin PBXFrameworksBuildPhase section */
		FD219AA72830196400BDD973 /* Frameworks */ = {
			isa = PBXFrameworksBuildPhase;
			buildActionMask = 2147483647;
			files = (
				FD219AE02831799F00BDD973 /* CloudKit.framework in Frameworks */,
			);
			runOnlyForDeploymentPostprocessing = 0;
		};
/* End PBXFrameworksBuildPhase section */

/* Begin PBXGroup section */
		FD219AA12830196400BDD973 = {
			isa = PBXGroup;
			children = (
				FD219AAC2830196400BDD973 /* LoanCD */,
				FD219AAB2830196400BDD973 /* Products */,
				FD219ADE2831799F00BDD973 /* Frameworks */,
			);
			sourceTree = "<group>";
		};
		FD219AAB2830196400BDD973 /* Products */ = {
			isa = PBXGroup;
			children = (
				FD219AAA2830196400BDD973 /* LoanCD.app */,
			);
			name = Products;
			sourceTree = "<group>";
		};
		FD219AAC2830196400BDD973 /* LoanCD */ = {
			isa = PBXGroup;
			children = (
				FD219AE1283179F600BDD973 /* Info.plist */,
				FD219ADD2831799000BDD973 /* LoanCD.entitlements */,
				FD219AAD2830196400BDD973 /* LoanCDApp.swift */,
				FD219ACE2830769200BDD973 /* LoansView */,
				FD219ACD2830767000BDD973 /* AddLoanView */,
				FD219AD1283076C200BDD973 /* PaymentsView */,
				FD219AD828314F8600BDD973 /* AddPaymentView */,
				FD219AC62830629800BDD973 /* Views */,
				FD219AC7283062AE00BDD973 /* Extensions */,
				FD219AB62830196500BDD973 /* Persistence.swift */,
				FD219AB82830196500BDD973 /* LoanCD.xcdatamodeld */,
				FD219AB12830196500BDD973 /* Assets.xcassets */,
				FD219AB32830196500BDD973 /* Preview Content */,
			);
			path = LoanCD;
			sourceTree = "<group>";
		};
		FD219AB32830196500BDD973 /* Preview Content */ = {
			isa = PBXGroup;
			children = (
				FD219AB42830196500BDD973 /* Preview Assets.xcassets */,
			);
			path = "Preview Content";
			sourceTree = "<group>";
		};
		FD219AC62830629800BDD973 /* Views */ = {
			isa = PBXGroup;
			children = (
				FD219AC028305C2A00BDD973 /* LoanListItemView.swift */,
				FD219AD928315C0800BDD973 /* PaymentListItemView.swift */,
				FD219ADB28316E9200BDD973 /* ProgressBarView.swift */,
			);
			path = Views;
			sourceTree = "<group>";
		};
		FD219AC7283062AE00BDD973 /* Extensions */ = {
			isa = PBXGroup;
			children = (
				FD219AC228305EC600BDD973 /* Date+Ext.swift */,
				FD219AC428305FFF00BDD973 /* Double+Ext.swift */,
			);
			path = Extensions;
			sourceTree = "<group>";
		};
		FD219ACD2830767000BDD973 /* AddLoanView */ = {
			isa = PBXGroup;
			children = (
				FD219AC8283062FE00BDD973 /* AddLoanView.swift */,
				FD219ACA2830665000BDD973 /* AddLoanViewModel.swift */,
			);
			path = AddLoanView;
			sourceTree = "<group>";
		};
		FD219ACE2830769200BDD973 /* LoansView */ = {
			isa = PBXGroup;
			children = (
				FD219AAF2830196400BDD973 /* LoansView.swift */,
			);
			path = LoansView;
			sourceTree = "<group>";
		};
		FD219AD1283076C200BDD973 /* PaymentsView */ = {
			isa = PBXGroup;
			children = (
				FD219ACF283076BC00BDD973 /* PaymentsView.swift */,
				FD219AD2283076F800BDD973 /* PaymentsViewModel.swift */,
			);
			path = PaymentsView;
			sourceTree = "<group>";
		};
		FD219AD828314F8600BDD973 /* AddPaymentView */ = {
			isa = PBXGroup;
			children = (
				FD219AD428314F5700BDD973 /* AddPaymentView.swift */,
				FD219AD628314F7E00BDD973 /* AddPaymentViewModel.swift */,
			);
			path = AddPaymentView;
			sourceTree = "<group>";
		};
		FD219ADE2831799F00BDD973 /* Frameworks */ = {
			isa = PBXGroup;
			children = (
				FD219ADF2831799F00BDD973 /* CloudKit.framework */,
			);
			name = Frameworks;
			sourceTree = "<group>";
		};
/* End PBXGroup section */

/* Begin PBXNativeTarget section */
		FD219AA92830196400BDD973 /* LoanCD */ = {
			isa = PBXNativeTarget;
			buildConfigurationList = FD219ABD2830196500BDD973 /* Build configuration list for PBXNativeTarget "LoanCD" */;
			buildPhases = (
				FD219AA62830196400BDD973 /* Sources */,
				FD219AA72830196400BDD973 /* Frameworks */,
				FD219AA82830196400BDD973 /* Resources */,
			);
			buildRules = (
			);
			dependencies = (
			);
			name = LoanCD;
			productName = LoanCD;
			productReference = FD219AAA2830196400BDD973 /* LoanCD.app */;
			productType = "com.apple.product-type.application";
		};
/* End PBXNativeTarget section */

/* Begin PBXProject section */
		FD219AA22830196400BDD973 /* Project object */ = {
			isa = PBXProject;
			attributes = {
				BuildIndependentTargetsInParallel = 1;
				LastSwiftUpdateCheck = 1330;
				LastUpgradeCheck = 1330;
				TargetAttributes = {
					FD219AA92830196400BDD973 = {
						CreatedOnToolsVersion = 13.3;
					};
				};
			};
			buildConfigurationList = FD219AA52830196400BDD973 /* Build configuration list for PBXProject "LoanCD" */;
			compatibilityVersion = "Xcode 13.0";
			developmentRegion = en;
			hasScannedForEncodings = 0;
			knownRegions = (
				en,
				Base,
			);
			mainGroup = FD219AA12830196400BDD973;
			productRefGroup = FD219AAB2830196400BDD973 /* Products */;
			projectDirPath = "";
			projectRoot = "";
			targets = (
				FD219AA92830196400BDD973 /* LoanCD */,
			);
		};
/* End PBXProject section */

/* Begin PBXResourcesBuildPhase section */
		FD219AA82830196400BDD973 /* Resources */ = {
			isa = PBXResourcesBuildPhase;
			buildActionMask = 2147483647;
			files = (
				FD219AB52830196500BDD973 /* Preview Assets.xcassets in Resources */,
				FD219AB22830196500BDD973 /* Assets.xcassets in Resources */,
			);
			runOnlyForDeploymentPostprocessing = 0;
		};
/* End PBXResourcesBuildPhase section */

/* Begin PBXSourcesBuildPhase section */
		FD219AA62830196400BDD973 /* Sources */ = {
			isa = PBXSourcesBuildPhase;
			buildActionMask = 2147483647;
			files = (
				FD219ABA2830196500BDD973 /* LoanCD.xcdatamodeld in Sources */,
				FD219AD728314F7E00BDD973 /* AddPaymentViewModel.swift in Sources */,
				FD219AC328305EC600BDD973 /* Date+Ext.swift in Sources */,
				FD219AD3283076F800BDD973 /* PaymentsViewModel.swift in Sources */,
				FD219AC9283062FE00BDD973 /* AddLoanView.swift in Sources */,
				FD219AB72830196500BDD973 /* Persistence.swift in Sources */,
				FD219AD528314F5700BDD973 /* AddPaymentView.swift in Sources */,
				FD219AB02830196400BDD973 /* LoansView.swift in Sources */,
				FD219ACB2830665000BDD973 /* AddLoanViewModel.swift in Sources */,
				FD219AC528305FFF00BDD973 /* Double+Ext.swift in Sources */,
				FD219ADA28315C0800BDD973 /* PaymentListItemView.swift in Sources */,
				FD219AC128305C2A00BDD973 /* LoanListItemView.swift in Sources */,
				FD219AAE2830196400BDD973 /* LoanCDApp.swift in Sources */,
				FD219ADC28316E9200BDD973 /* ProgressBarView.swift in Sources */,
				FD219AD0283076BC00BDD973 /* PaymentsView.swift in Sources */,
			);
			runOnlyForDeploymentPostprocessing = 0;
		};
/* End PBXSourcesBuildPhase section */

/* Begin XCBuildConfiguration section */
		FD219ABB2830196500BDD973 /* Debug */ = {
			isa = XCBuildConfiguration;
			buildSettings = {
				ALWAYS_SEARCH_USER_PATHS = NO;
				CLANG_ANALYZER_NONNULL = YES;
				CLANG_ANALYZER_NUMBER_OBJECT_CONVERSION = YES_AGGRESSIVE;
				CLANG_CXX_LANGUAGE_STANDARD = "gnu++17";
				CLANG_ENABLE_MODULES = YES;
				CLANG_ENABLE_OBJC_ARC = YES;
				CLANG_ENABLE_OBJC_WEAK = YES;
				CLANG_WARN_BLOCK_CAPTURE_AUTORELEASING = YES;
				CLANG_WARN_BOOL_CONVERSION = YES;
				CLANG_WARN_COMMA = YES;
				CLANG_WARN_CONSTANT_CONVERSION = YES;
				CLANG_WARN_DEPRECATED_OBJC_IMPLEMENTATIONS = YES;
				CLANG_WARN_DIRECT_OBJC_ISA_USAGE = YES_ERROR;
				CLANG_WARN_DOCUMENTATION_COMMENTS = YES;
				CLANG_WARN_EMPTY_BODY = YES;
				CLANG_WARN_ENUM_CONVERSION = YES;
				CLANG_WARN_INFINITE_RECURSION = YES;
				CLANG_WARN_INT_CONVERSION = YES;
				CLANG_WARN_NON_LITERAL_NULL_CONVERSION = YES;
				CLANG_WARN_OBJC_IMPLICIT_RETAIN_SELF = YES;
				CLANG_WARN_OBJC_LITERAL_CONVERSION = YES;
				CLANG_WARN_OBJC_ROOT_CLASS = YES_ERROR;
				CLANG_WARN_QUOTED_INCLUDE_IN_FRAMEWORK_HEADER = YES;
				CLANG_WARN_RANGE_LOOP_ANALYSIS = YES;
				CLANG_WARN_STRICT_PROTOTYPES = YES;
				CLANG_WARN_SUSPICIOUS_MOVE = YES;
				CLANG_WARN_UNGUARDED_AVAILABILITY = YES_AGGRESSIVE;
				CLANG_WARN_UNREACHABLE_CODE = YES;
				CLANG_WARN__DUPLICATE_METHOD_MATCH = YES;
				COPY_PHASE_STRIP = NO;
				DEBUG_INFORMATION_FORMAT = dwarf;
				ENABLE_STRICT_OBJC_MSGSEND = YES;
				ENABLE_TESTABILITY = YES;
				GCC_C_LANGUAGE_STANDARD = gnu11;
				GCC_DYNAMIC_NO_PIC = NO;
				GCC_NO_COMMON_BLOCKS = YES;
				GCC_OPTIMIZATION_LEVEL = 0;
				GCC_PREPROCESSOR_DEFINITIONS = (
					"DEBUG=1",
					"$(inherited)",
				);
				GCC_WARN_64_TO_32_BIT_CONVERSION = YES;
				GCC_WARN_ABOUT_RETURN_TYPE = YES_ERROR;
				GCC_WARN_UNDECLARED_SELECTOR = YES;
				GCC_WARN_UNINITIALIZED_AUTOS = YES_AGGRESSIVE;
				GCC_WARN_UNUSED_FUNCTION = YES;
				GCC_WARN_UNUSED_VARIABLE = YES;
				IPHONEOS_DEPLOYMENT_TARGET = 14.0;
				MTL_ENABLE_DEBUG_INFO = INCLUDE_SOURCE;
				MTL_FAST_MATH = YES;
				ONLY_ACTIVE_ARCH = YES;
				SDKROOT = iphoneos;
				SWIFT_ACTIVE_COMPILATION_CONDITIONS = DEBUG;
				SWIFT_OPTIMIZATION_LEVEL = "-Onone";
			};
			name = Debug;
		};
		FD219ABC2830196500BDD973 /* Release */ = {
			isa = XCBuildConfiguration;
			buildSettings = {
				ALWAYS_SEARCH_USER_PATHS = NO;
				CLANG_ANALYZER_NONNULL = YES;
				CLANG_ANALYZER_NUMBER_OBJECT_CONVERSION = YES_AGGRESSIVE;
				CLANG_CXX_LANGUAGE_STANDARD = "gnu++17";
				CLANG_ENABLE_MODULES = YES;
				CLANG_ENABLE_OBJC_ARC = YES;
				CLANG_ENABLE_OBJC_WEAK = YES;
				CLANG_WARN_BLOCK_CAPTURE_AUTORELEASING = YES;
				CLANG_WARN_BOOL_CONVERSION = YES;
				CLANG_WARN_COMMA = YES;
				CLANG_WARN_CONSTANT_CONVERSION = YES;
				CLANG_WARN_DEPRECATED_OBJC_IMPLEMENTATIONS = YES;
				CLANG_WARN_DIRECT_OBJC_ISA_USAGE = YES_ERROR;
				CLANG_WARN_DOCUMENTATION_COMMENTS = YES;
				CLANG_WARN_EMPTY_BODY = YES;
				CLANG_WARN_ENUM_CONVERSION = YES;
				CLANG_WARN_INFINITE_RECURSION = YES;
				CLANG_WARN_INT_CONVERSION = YES;
				CLANG_WARN_NON_LITERAL_NULL_CONVERSION = YES;
				CLANG_WARN_OBJC_IMPLICIT_RETAIN_SELF = YES;
				CLANG_WARN_OBJC_LITERAL_CONVERSION = YES;
				CLANG_WARN_OBJC_ROOT_CLASS = YES_ERROR;
				CLANG_WARN_QUOTED_INCLUDE_IN_FRAMEWORK_HEADER = YES;
				CLANG_WARN_RANGE_LOOP_ANALYSIS = YES;
				CLANG_WARN_STRICT_PROTOTYPES = YES;
				CLANG_WARN_SUSPICIOUS_MOVE = YES;
				CLANG_WARN_UNGUARDED_AVAILABILITY = YES_AGGRESSIVE;
				CLANG_WARN_UNREACHABLE_CODE = YES;
				CLANG_WARN__DUPLICATE_METHOD_MATCH = YES;
				COPY_PHASE_STRIP = NO;
				DEBUG_INFORMATION_FORMAT = "dwarf-with-dsym";
				ENABLE_NS_ASSERTIONS = NO;
				ENABLE_STRICT_OBJC_MSGSEND = YES;
				GCC_C_LANGUAGE_STANDARD = gnu11;
				GCC_NO_COMMON_BLOCKS = YES;
				GCC_WARN_64_TO_32_BIT_CONVERSION = YES;
				GCC_WARN_ABOUT_RETURN_TYPE = YES_ERROR;
				GCC_WARN_UNDECLARED_SELECTOR = YES;
				GCC_WARN_UNINITIALIZED_AUTOS = YES_AGGRESSIVE;
				GCC_WARN_UNUSED_FUNCTION = YES;
				GCC_WARN_UNUSED_VARIABLE = YES;
				IPHONEOS_DEPLOYMENT_TARGET = 14.0;
				MTL_ENABLE_DEBUG_INFO = NO;
				MTL_FAST_MATH = YES;
				SDKROOT = iphoneos;
				SWIFT_COMPILATION_MODE = wholemodule;
				SWIFT_OPTIMIZATION_LEVEL = "-O";
				VALIDATE_PRODUCT = YES;
			};
			name = Release;
		};
		FD219ABE2830196500BDD973 /* Debug */ = {
			isa = XCBuildConfiguration;
			buildSettings = {
				ASSETCATALOG_COMPILER_APPICON_NAME = AppIcon;
				ASSETCATALOG_COMPILER_GLOBAL_ACCENT_COLOR_NAME = AccentColor;
				CODE_SIGN_ENTITLEMENTS = LoanCD/LoanCD.entitlements;
				CODE_SIGN_STYLE = Automatic;
				CURRENT_PROJECT_VERSION = 1;
				DEVELOPMENT_ASSET_PATHS = "\"LoanCD/Preview Content\"";
				DEVELOPMENT_TEAM = 4KD65TKKK8;
				ENABLE_PREVIEWS = YES;
				GENERATE_INFOPLIST_FILE = YES;
				INFOPLIST_FILE = LoanCD/Info.plist;
				INFOPLIST_KEY_UIApplicationSceneManifest_Generation = YES;
				INFOPLIST_KEY_UIApplicationSupportsIndirectInputEvents = YES;
				INFOPLIST_KEY_UILaunchScreen_Generation = YES;
				INFOPLIST_KEY_UISupportedInterfaceOrientations_iPad = UIInterfaceOrientationPortrait;
				INFOPLIST_KEY_UISupportedInterfaceOrientations_iPhone = UIInterfaceOrientationPortrait;
				LD_RUNPATH_SEARCH_PATHS = (
					"$(inherited)",
					"@executable_path/Frameworks",
				);
				MARKETING_VERSION = 1.0;
				PRODUCT_BUNDLE_IDENTIFIER = com.lauramjohnson.LoanCD;
				PRODUCT_NAME = "$(TARGET_NAME)";
				SWIFT_EMIT_LOC_STRINGS = YES;
				SWIFT_VERSION = 5.0;
				TARGETED_DEVICE_FAMILY = "1,2";
			};
			name = Debug;
		};
		FD219ABF2830196500BDD973 /* Release */ = {
			isa = XCBuildConfiguration;
			buildSettings = {
				ASSETCATALOG_COMPILER_APPICON_NAME = AppIcon;
				ASSETCATALOG_COMPILER_GLOBAL_ACCENT_COLOR_NAME = AccentColor;
				CODE_SIGN_ENTITLEMENTS = LoanCD/LoanCD.entitlements;
				CODE_SIGN_STYLE = Automatic;
				CURRENT_PROJECT_VERSION = 1;
				DEVELOPMENT_ASSET_PATHS = "\"LoanCD/Preview Content\"";
				DEVELOPMENT_TEAM = 4KD65TKKK8;
				ENABLE_PREVIEWS = YES;
				GENERATE_INFOPLIST_FILE = YES;
				INFOPLIST_FILE = LoanCD/Info.plist;
				INFOPLIST_KEY_UIApplicationSceneManifest_Generation = YES;
				INFOPLIST_KEY_UIApplicationSupportsIndirectInputEvents = YES;
				INFOPLIST_KEY_UILaunchScreen_Generation = YES;
				INFOPLIST_KEY_UISupportedInterfaceOrientations_iPad = UIInterfaceOrientationPortrait;
				INFOPLIST_KEY_UISupportedInterfaceOrientations_iPhone = UIInterfaceOrientationPortrait;
				LD_RUNPATH_SEARCH_PATHS = (
					"$(inherited)",
					"@executable_path/Frameworks",
				);
				MARKETING_VERSION = 1.0;
				PRODUCT_BUNDLE_IDENTIFIER = com.lauramjohnson.LoanCD;
				PRODUCT_NAME = "$(TARGET_NAME)";
				SWIFT_EMIT_LOC_STRINGS = YES;
				SWIFT_VERSION = 5.0;
				TARGETED_DEVICE_FAMILY = "1,2";
			};
			name = Release;
		};
/* End XCBuildConfiguration section */

/* Begin XCConfigurationList section */
		FD219AA52830196400BDD973 /* Build configuration list for PBXProject "LoanCD" */ = {
			isa = XCConfigurationList;
			buildConfigurations = (
				FD219ABB2830196500BDD973 /* Debug */,
				FD219ABC2830196500BDD973 /* Release */,
			);
			defaultConfigurationIsVisible = 0;
			defaultConfigurationName = Release;
		};
		FD219ABD2830196500BDD973 /* Build configuration list for PBXNativeTarget "LoanCD" */ = {
			isa = XCConfigurationList;
			buildConfigurations = (
				FD219ABE2830196500BDD973 /* Debug */,
				FD219ABF2830196500BDD973 /* Release */,
			);
			defaultConfigurationIsVisible = 0;
			defaultConfigurationName = Release;
		};
/* End XCConfigurationList section */

/* Begin XCVersionGroup section */
		FD219AB82830196500BDD973 /* LoanCD.xcdatamodeld */ = {
			isa = XCVersionGroup;
			children = (
				FD219AB92830196500BDD973 /* LoanCD.xcdatamodel */,
			);
			currentVersion = FD219AB92830196500BDD973 /* LoanCD.xcdatamodel */;
			path = LoanCD.xcdatamodeld;
			sourceTree = "<group>";
			versionGroupType = wrapper.xcdatamodel;
		};
/* End XCVersionGroup section */
	};
	rootObject = FD219AA22830196400BDD973 /* Project object */;
}
